
Microsoft Visual Studio Solution File, Format Version 12.00
# Visual Studio Version 17
VisualStudioVersion = 17.8.34227.203
MinimumVisualStudioVersion = 10.0.40219.1
Project("{2150E333-8FDC-42A3-9474-1A3956D46DE8}") = "Services", "Services", "{85A0129D-B52A-43A8-BE3B-7B9FA9C522A6}"
EndProject
Project("{2150E333-8FDC-42A3-9474-1A3956D46DE8}") = "Catalog", "Catalog", "{329780D1-1350-4E8E-A5B6-1C0224ECC0C1}"
EndProject
Project("{9A19103F-16F7-4668-BE54-9A1E7A4F7556}") = "CatalogAPI", "src\Services\Catalog\CatalogAPI\CatalogAPI.csproj", "{AC5330C9-B9EF-4F5C-AF66-3F56D898EC30}"
EndProject
Project("{2150E333-8FDC-42A3-9474-1A3956D46DE8}") = "BuildingBlocks", "BuildingBlocks", "{DF1C7575-CBCD-4424-92F2-1C42602157D7}"
EndProject
Project("{9A19103F-16F7-4668-BE54-9A1E7A4F7556}") = "BuildingBlocks", "src\BuildingBlocks\BuildingBlocks\BuildingBlocks.csproj", "{EE6B9CB0-CD21-4D44-B3D0-CD42CCE4AF1C}"
EndProject
Project("{E53339B2-1760-4266-BCC7-CA923CBCF16C}") = "docker-compose", "docker-compose.dcproj", "{F6BDE6B5-9084-4919-88CD-AD380609AD1F}"
EndProject
Project("{2150E333-8FDC-42A3-9474-1A3956D46DE8}") = "Basket", "Basket", "{3D81C552-6E8A-400E-8ED0-C33DB4DC8E1C}"
EndProject
Project("{9A19103F-16F7-4668-BE54-9A1E7A4F7556}") = "BasketAPI", "src\Services\Basket\BasketAPI\BasketAPI.csproj", "{C69D9576-210F-4F9F-813E-F6C87A304629}"
EndProject
Project("{2150E333-8FDC-42A3-9474-1A3956D46DE8}") = "Discount", "Discount", "{805B40DB-0AA1-4414-8E40-86F80F56EC46}"
EndProject
Project("{9A19103F-16F7-4668-BE54-9A1E7A4F7556}") = "DiscountGrpc", "src\Services\Discount\DiscountGrpc\DiscountGrpc.csproj", "{F6AAC4AA-05A2-481E-A103-C6AA44B82851}"
EndProject
Project("{2150E333-8FDC-42A3-9474-1A3956D46DE8}") = "Ordering", "Ordering", "{CF214242-4B3B-40F4-A887-6FF85240934E}"
EndProject
Project("{9A19103F-16F7-4668-BE54-9A1E7A4F7556}") = "OrderingAPI", "src\Services\Ordering\OrderingAPI\OrderingAPI.csproj", "{D80A4532-579E-4286-9F57-262CC9B2A879}"
EndProject
Project("{FAE04EC0-301F-11D3-BF4B-00C04F79EFBC}") = "OrderingDomain", "src\Services\Ordering\OrderingDomain\OrderingDomain.csproj", "{E19368E6-5CF8-40D0-BDFB-20789867AEF4}"
EndProject
Project("{FAE04EC0-301F-11D3-BF4B-00C04F79EFBC}") = "OrderingApplication", "src\Services\Ordering\OrderingApplication\OrderingApplication.csproj", "{76F43D19-0313-4B5D-8AED-E63A197D83BD}"
EndProject
Project("{FAE04EC0-301F-11D3-BF4B-00C04F79EFBC}") = "OrderingInfrastructure", "src\Services\Ordering\OrderingInfrastructure\OrderingInfrastructure.csproj", "{43E294B1-161D-47E1-A67B-37E90AC656A2}"
EndProject
Project("{FAE04EC0-301F-11D3-BF4B-00C04F79EFBC}") = "BuildingBlocks.Messaging", "src\BuildingBlocks\BuildingBlocks.Messaging\BuildingBlocks.Messaging.csproj", "{7F11512D-79FF-4D35-B9E8-B3562626E36D}"
EndProject
Project("{2150E333-8FDC-42A3-9474-1A3956D46DE8}") = "ApiGateways", "ApiGateways", "{02EA681E-C7D8-13C7-8484-4AC65E1B71E8}"
EndProject
Project("{FAE04EC0-301F-11D3-BF4B-00C04F79EFBC}") = "YarpApiGateway", "src\ApiGateways\YarpApiGateway\YarpApiGateway.csproj", "{3429931E-2CBB-4F77-93D0-B02CD1C302D2}"
EndProject
Project("{2150E333-8FDC-42A3-9474-1A3956D46DE8}") = "WebApps", "WebApps", "{DB2535DD-2122-4039-BBFD-19256A9B9DA1}"
EndProject
Project("{FAE04EC0-301F-11D3-BF4B-00C04F79EFBC}") = "ShoppingWeb", "src\WebApps\ShoppingWeb\ShoppingWeb.csproj", "{69645080-DA3E-4B6C-843A-6C7DD479548B}"
EndProject
Global
	GlobalSection(SolutionConfigurationPlatforms) = preSolution
		Debug|Any CPU = Debug|Any CPU
		Release|Any CPU = Release|Any CPU
	EndGlobalSection
	GlobalSection(ProjectConfigurationPlatforms) = postSolution
		{AC5330C9-B9EF-4F5C-AF66-3F56D898EC30}.Debug|Any CPU.ActiveCfg = Debug|Any CPU
		{AC5330C9-B9EF-4F5C-AF66-3F56D898EC30}.Debug|Any CPU.Build.0 = Debug|Any CPU
		{AC5330C9-B9EF-4F5C-AF66-3F56D898EC30}.Release|Any CPU.ActiveCfg = Release|Any CPU
		{AC5330C9-B9EF-4F5C-AF66-3F56D898EC30}.Release|Any CPU.Build.0 = Release|Any CPU
		{EE6B9CB0-CD21-4D44-B3D0-CD42CCE4AF1C}.Debug|Any CPU.ActiveCfg = Debug|Any CPU
		{EE6B9CB0-CD21-4D44-B3D0-CD42CCE4AF1C}.Debug|Any CPU.Build.0 = Debug|Any CPU
		{EE6B9CB0-CD21-4D44-B3D0-CD42CCE4AF1C}.Release|Any CPU.ActiveCfg = Release|Any CPU
		{EE6B9CB0-CD21-4D44-B3D0-CD42CCE4AF1C}.Release|Any CPU.Build.0 = Release|Any CPU
		{F6BDE6B5-9084-4919-88CD-AD380609AD1F}.Debug|Any CPU.ActiveCfg = Debug|Any CPU
		{F6BDE6B5-9084-4919-88CD-AD380609AD1F}.Debug|Any CPU.Build.0 = Debug|Any CPU
		{F6BDE6B5-9084-4919-88CD-AD380609AD1F}.Release|Any CPU.ActiveCfg = Release|Any CPU
		{F6BDE6B5-9084-4919-88CD-AD380609AD1F}.Release|Any CPU.Build.0 = Release|Any CPU
		{C69D9576-210F-4F9F-813E-F6C87A304629}.Debug|Any CPU.ActiveCfg = Debug|Any CPU
		{C69D9576-210F-4F9F-813E-F6C87A304629}.Debug|Any CPU.Build.0 = Debug|Any CPU
		{C69D9576-210F-4F9F-813E-F6C87A304629}.Release|Any CPU.ActiveCfg = Release|Any CPU
		{C69D9576-210F-4F9F-813E-F6C87A304629}.Release|Any CPU.Build.0 = Release|Any CPU
		{F6AAC4AA-05A2-481E-A103-C6AA44B82851}.Debug|Any CPU.ActiveCfg = Debug|Any CPU
		{F6AAC4AA-05A2-481E-A103-C6AA44B82851}.Debug|Any CPU.Build.0 = Debug|Any CPU
		{F6AAC4AA-05A2-481E-A103-C6AA44B82851}.Release|Any CPU.ActiveCfg = Release|Any CPU
		{F6AAC4AA-05A2-481E-A103-C6AA44B82851}.Release|Any CPU.Build.0 = Release|Any CPU
		{D80A4532-579E-4286-9F57-262CC9B2A879}.Debug|Any CPU.ActiveCfg = Debug|Any CPU
		{D80A4532-579E-4286-9F57-262CC9B2A879}.Debug|Any CPU.Build.0 = Debug|Any CPU
		{D80A4532-579E-4286-9F57-262CC9B2A879}.Release|Any CPU.ActiveCfg = Release|Any CPU
		{D80A4532-579E-4286-9F57-262CC9B2A879}.Release|Any CPU.Build.0 = Release|Any CPU
		{E19368E6-5CF8-40D0-BDFB-20789867AEF4}.Debug|Any CPU.ActiveCfg = Debug|Any CPU
		{E19368E6-5CF8-40D0-BDFB-20789867AEF4}.Debug|Any CPU.Build.0 = Debug|Any CPU
		{E19368E6-5CF8-40D0-BDFB-20789867AEF4}.Release|Any CPU.ActiveCfg = Release|Any CPU
		{E19368E6-5CF8-40D0-BDFB-20789867AEF4}.Release|Any CPU.Build.0 = Release|Any CPU
		{76F43D19-0313-4B5D-8AED-E63A197D83BD}.Debug|Any CPU.ActiveCfg = Debug|Any CPU
		{76F43D19-0313-4B5D-8AED-E63A197D83BD}.Debug|Any CPU.Build.0 = Debug|Any CPU
		{76F43D19-0313-4B5D-8AED-E63A197D83BD}.Release|Any CPU.ActiveCfg = Release|Any CPU
		{76F43D19-0313-4B5D-8AED-E63A197D83BD}.Release|Any CPU.Build.0 = Release|Any CPU
		{43E294B1-161D-47E1-A67B-37E90AC656A2}.Debug|Any CPU.ActiveCfg = Debug|Any CPU
		{43E294B1-161D-47E1-A67B-37E90AC656A2}.Debug|Any CPU.Build.0 = Debug|Any CPU
		{43E294B1-161D-47E1-A67B-37E90AC656A2}.Release|Any CPU.ActiveCfg = Release|Any CPU
		{43E294B1-161D-47E1-A67B-37E90AC656A2}.Release|Any CPU.Build.0 = Release|Any CPU
		{7F11512D-79FF-4D35-B9E8-B3562626E36D}.Debug|Any CPU.ActiveCfg = Debug|Any CPU
		{7F11512D-79FF-4D35-B9E8-B3562626E36D}.Debug|Any CPU.Build.0 = Debug|Any CPU
		{7F11512D-79FF-4D35-B9E8-B3562626E36D}.Release|Any CPU.ActiveCfg = Release|Any CPU
		{7F11512D-79FF-4D35-B9E8-B3562626E36D}.Release|Any CPU.Build.0 = Release|Any CPU
		{3429931E-2CBB-4F77-93D0-B02CD1C302D2}.Debug|Any CPU.ActiveCfg = Debug|Any CPU
		{3429931E-2CBB-4F77-93D0-B02CD1C302D2}.Debug|Any CPU.Build.0 = Debug|Any CPU
		{3429931E-2CBB-4F77-93D0-B02CD1C302D2}.Release|Any CPU.ActiveCfg = Release|Any CPU
		{3429931E-2CBB-4F77-93D0-B02CD1C302D2}.Release|Any CPU.Build.0 = Release|Any CPU
		{69645080-DA3E-4B6C-843A-6C7DD479548B}.Debug|Any CPU.ActiveCfg = Debug|Any CPU
		{69645080-DA3E-4B6C-843A-6C7DD479548B}.Debug|Any CPU.Build.0 = Debug|Any CPU
		{69645080-DA3E-4B6C-843A-6C7DD479548B}.Release|Any CPU.ActiveCfg = Release|Any CPU
		{69645080-DA3E-4B6C-843A-6C7DD479548B}.Release|Any CPU.Build.0 = Release|Any CPU
	EndGlobalSection
	GlobalSection(SolutionProperties) = preSolution
		HideSolutionNode = FALSE
	EndGlobalSection
	GlobalSection(NestedProjects) = preSolution
		{329780D1-1350-4E8E-A5B6-1C0224ECC0C1} = {85A0129D-B52A-43A8-BE3B-7B9FA9C522A6}
		{AC5330C9-B9EF-4F5C-AF66-3F56D898EC30} = {329780D1-1350-4E8E-A5B6-1C0224ECC0C1}
		{EE6B9CB0-CD21-4D44-B3D0-CD42CCE4AF1C} = {DF1C7575-CBCD-4424-92F2-1C42602157D7}
		{3D81C552-6E8A-400E-8ED0-C33DB4DC8E1C} = {85A0129D-B52A-43A8-BE3B-7B9FA9C522A6}
		{C69D9576-210F-4F9F-813E-F6C87A304629} = {3D81C552-6E8A-400E-8ED0-C33DB4DC8E1C}
		{805B40DB-0AA1-4414-8E40-86F80F56EC46} = {85A0129D-B52A-43A8-BE3B-7B9FA9C522A6}
		{F6AAC4AA-05A2-481E-A103-C6AA44B82851} = {805B40DB-0AA1-4414-8E40-86F80F56EC46}
		{CF214242-4B3B-40F4-A887-6FF85240934E} = {85A0129D-B52A-43A8-BE3B-7B9FA9C522A6}
		{D80A4532-579E-4286-9F57-262CC9B2A879} = {CF214242-4B3B-40F4-A887-6FF85240934E}
		{E19368E6-5CF8-40D0-BDFB-20789867AEF4} = {CF214242-4B3B-40F4-A887-6FF85240934E}
		{76F43D19-0313-4B5D-8AED-E63A197D83BD} = {CF214242-4B3B-40F4-A887-6FF85240934E}
		{43E294B1-161D-47E1-A67B-37E90AC656A2} = {CF214242-4B3B-40F4-A887-6FF85240934E}
		{7F11512D-79FF-4D35-B9E8-B3562626E36D} = {DF1C7575-CBCD-4424-92F2-1C42602157D7}
		{3429931E-2CBB-4F77-93D0-B02CD1C302D2} = {02EA681E-C7D8-13C7-8484-4AC65E1B71E8}
		{69645080-DA3E-4B6C-843A-6C7DD479548B} = {DB2535DD-2122-4039-BBFD-19256A9B9DA1}
	EndGlobalSection
	GlobalSection(ExtensibilityGlobals) = postSolution
		SolutionGuid = {42E7D878-2554-4C40-831A-A50B29320390}
	EndGlobalSection
EndGlobal
