
Microsoft Visual Studio Solution File, Format Version 12.00
# Visual Studio Version 17
VisualStudioVersion = 17.8.34227.203
MinimumVisualStudioVersion = 10.0.40219.1
Project("{2150E333-8FDC-42A3-9474-1A3956D46DE8}") = "Services", "Services", "{85A0129D-B52A-43A8-BE3B-7B9FA9C522A6}"
EndProject
Project("{2150E333-8FDC-42A3-9474-1A3956D46DE8}") = "Catalog", "Catalog", "{329780D1-1350-4E8E-A5B6-1C0224ECC0C1}"
EndProject
Project("{9A19103F-16F7-4668-BE54-9A1E7A4F7556}") = "CatalogAPI", "src\Services\Catalog\CatalogAPI\CatalogAPI.csproj", "{AC5330C9-B9EF-4F5C-AF66-3F56D898EC30}"
EndProject
Project("{2150E333-8FDC-42A3-9474-1A3956D46DE8}") = "BuildingBlocks", "BuildingBlocks", "{DF1C7575-CBCD-4424-92F2-1C42602157D7}"
EndProject
Project("{9A19103F-16F7-4668-BE54-9A1E7A4F7556}") = "BuildingBlocks", "src\BuildingBlocks\BuildingBlocks\BuildingBlocks.csproj", "{EE6B9CB0-CD21-4D44-B3D0-CD42CCE4AF1C}"
EndProject
Project("{E53339B2-1760-4266-BCC7-CA923CBCF16C}") = "docker-compose", "docker-compose.dcproj", "{F6BDE6B5-9084-4919-88CD-AD380609AD1F}"
EndProject
Project("{2150E333-8FDC-42A3-9474-1A3956D46DE8}") = "Basket", "Basket", "{3D81C552-6E8A-400E-8ED0-C33DB4DC8E1C}"
EndProject
Project("{9A19103F-16F7-4668-BE54-9A1E7A4F7556}") = "BasketAPI", "src\Services\Basket\BasketAPI\BasketAPI.csproj", "{C69D9576-210F-4F9F-813E-F6C87A304629}"
EndProject
Project("{2150E333-8FDC-42A3-9474-1A3956D46DE8}") = "Discount", "Discount", "{805B40DB-0AA1-4414-8E40-86F80F56EC46}"
EndProject
Project("{FAE04EC0-301F-11D3-BF4B-00C04F79EFBC}") = "DiscountGrpc", "src\Services\Discount\DiscountGrpc\DiscountGrpc.csproj", "{F6AAC4AA-05A2-481E-A103-C6AA44B82851}"
EndProject
Global
	GlobalSection(SolutionConfigurationPlatforms) = preSolution
		Debug|Any CPU = Debug|Any CPU
		Release|Any CPU = Release|Any CPU
	EndGlobalSection
	GlobalSection(ProjectConfigurationPlatforms) = postSolution
		{AC5330C9-B9EF-4F5C-AF66-3F56D898EC30}.Debug|Any CPU.ActiveCfg = Debug|Any CPU
		{AC5330C9-B9EF-4F5C-AF66-3F56D898EC30}.Debug|Any CPU.Build.0 = Debug|Any CPU
		{AC5330C9-B9EF-4F5C-AF66-3F56D898EC30}.Release|Any CPU.ActiveCfg = Release|Any CPU
		{AC5330C9-B9EF-4F5C-AF66-3F56D898EC30}.Release|Any CPU.Build.0 = Release|Any CPU
		{EE6B9CB0-CD21-4D44-B3D0-CD42CCE4AF1C}.Debug|Any CPU.ActiveCfg = Debug|Any CPU
		{EE6B9CB0-CD21-4D44-B3D0-CD42CCE4AF1C}.Debug|Any CPU.Build.0 = Debug|Any CPU
		{EE6B9CB0-CD21-4D44-B3D0-CD42CCE4AF1C}.Release|Any CPU.ActiveCfg = Release|Any CPU
		{EE6B9CB0-CD21-4D44-B3D0-CD42CCE4AF1C}.Release|Any CPU.Build.0 = Release|Any CPU
		{F6BDE6B5-9084-4919-88CD-AD380609AD1F}.Debug|Any CPU.ActiveCfg = Debug|Any CPU
		{F6BDE6B5-9084-4919-88CD-AD380609AD1F}.Debug|Any CPU.Build.0 = Debug|Any CPU
		{F6BDE6B5-9084-4919-88CD-AD380609AD1F}.Release|Any CPU.ActiveCfg = Release|Any CPU
		{F6BDE6B5-9084-4919-88CD-AD380609AD1F}.Release|Any CPU.Build.0 = Release|Any CPU
		{C69D9576-210F-4F9F-813E-F6C87A304629}.Debug|Any CPU.ActiveCfg = Debug|Any CPU
		{C69D9576-210F-4F9F-813E-F6C87A304629}.Debug|Any CPU.Build.0 = Debug|Any CPU
		{C69D9576-210F-4F9F-813E-F6C87A304629}.Release|Any CPU.ActiveCfg = Release|Any CPU
		{C69D9576-210F-4F9F-813E-F6C87A304629}.Release|Any CPU.Build.0 = Release|Any CPU
		{F6AAC4AA-05A2-481E-A103-C6AA44B82851}.Debug|Any CPU.ActiveCfg = Debug|Any CPU
		{F6AAC4AA-05A2-481E-A103-C6AA44B82851}.Debug|Any CPU.Build.0 = Debug|Any CPU
		{F6AAC4AA-05A2-481E-A103-C6AA44B82851}.Release|Any CPU.ActiveCfg = Release|Any CPU
		{F6AAC4AA-05A2-481E-A103-C6AA44B82851}.Release|Any CPU.Build.0 = Release|Any CPU
	EndGlobalSection
	GlobalSection(SolutionProperties) = preSolution
		HideSolutionNode = FALSE
	EndGlobalSection
	GlobalSection(NestedProjects) = preSolution
		{329780D1-1350-4E8E-A5B6-1C0224ECC0C1} = {85A0129D-B52A-43A8-BE3B-7B9FA9C522A6}
		{AC5330C9-B9EF-4F5C-AF66-3F56D898EC30} = {329780D1-1350-4E8E-A5B6-1C0224ECC0C1}
		{EE6B9CB0-CD21-4D44-B3D0-CD42CCE4AF1C} = {DF1C7575-CBCD-4424-92F2-1C42602157D7}
		{3D81C552-6E8A-400E-8ED0-C33DB4DC8E1C} = {85A0129D-B52A-43A8-BE3B-7B9FA9C522A6}
		{C69D9576-210F-4F9F-813E-F6C87A304629} = {3D81C552-6E8A-400E-8ED0-C33DB4DC8E1C}
		{805B40DB-0AA1-4414-8E40-86F80F56EC46} = {85A0129D-B52A-43A8-BE3B-7B9FA9C522A6}
		{F6AAC4AA-05A2-481E-A103-C6AA44B82851} = {805B40DB-0AA1-4414-8E40-86F80F56EC46}
	EndGlobalSection
	GlobalSection(ExtensibilityGlobals) = postSolution
		SolutionGuid = {42E7D878-2554-4C40-831A-A50B29320390}
	EndGlobalSection
EndGlobal
